
Microsoft Visual Studio Solution File, Format Version 12.00
# Visual Studio Version 17
VisualStudioVersion = 17.5.33424.131
MinimumVisualStudioVersion = 10.0.40219.1
Project("{8BC9CEB8-8B4A-11D0-8D11-00A0C91BC942}") = "day1", "day1\day1.vcxproj", "{8A6A8B93-7BDB-47D2-85D0-8CFC423D053B}"
EndProject
Global
	GlobalSection(SolutionConfigurationPlatforms) = preSolution
		Debug|x64 = Debug|x64
		Debug|x86 = Debug|x86
		Release|x64 = Release|x64
		Release|x86 = Release|x86
	EndGlobalSection
	GlobalSection(ProjectConfigurationPlatforms) = postSolution
		{8A6A8B93-7BDB-47D2-85D0-8CFC423D053B}.Debug|x64.ActiveCfg = Debug|x64
		{8A6A8B93-7BDB-47D2-85D0-8CFC423D053B}.Debug|x64.Build.0 = Debug|x64
		{8A6A8B93-7BDB-47D2-85D0-8CFC423D053B}.Debug|x86.ActiveCfg = Debug|Win32
		{8A6A8B93-7BDB-47D2-85D0-8CFC423D053B}.Debug|x86.Build.0 = Debug|Win32
		{8A6A8B93-7BDB-47D2-85D0-8CFC423D053B}.Release|x64.ActiveCfg = Release|x64
		{8A6A8B93-7BDB-47D2-85D0-8CFC423D053B}.Release|x64.Build.0 = Release|x64
		{8A6A8B93-7BDB-47D2-85D0-8CFC423D053B}.Release|x86.ActiveCfg = Release|Win32
		{8A6A8B93-7BDB-47D2-85D0-8CFC423D053B}.Release|x86.Build.0 = Release|Win32
	EndGlobalSection
	GlobalSection(SolutionProperties) = preSolution
		HideSolutionNode = FALSE
	EndGlobalSection
	GlobalSection(ExtensibilityGlobals) = postSolution
		SolutionGuid = {8AA7C421-8FF4-46CA-9DED-4E32898E6051}
	EndGlobalSection
EndGlobal
