
Microsoft Visual Studio Solution File, Format Version 12.00
# Visual Studio Version 17
VisualStudioVersion = 17.5.33414.496
MinimumVisualStudioVersion = 10.0.40219.1
Project("{8BC9CEB8-8B4A-11D0-8D11-00A0C91BC942}") = "Physics_Trainer_Chap3-21", "Physics_Trainer_Chap3-21\Physics_Trainer_Chap3-21.vcxproj", "{049A6B9B-A798-4672-A580-5855EC5ED45E}"
EndProject
Global
	GlobalSection(SolutionConfigurationPlatforms) = preSolution
		Debug|x64 = Debug|x64
		Debug|x86 = Debug|x86
		Release|x64 = Release|x64
		Release|x86 = Release|x86
	EndGlobalSection
	GlobalSection(ProjectConfigurationPlatforms) = postSolution
		{049A6B9B-A798-4672-A580-5855EC5ED45E}.Debug|x64.ActiveCfg = Debug|x64
		{049A6B9B-A798-4672-A580-5855EC5ED45E}.Debug|x64.Build.0 = Debug|x64
		{049A6B9B-A798-4672-A580-5855EC5ED45E}.Debug|x86.ActiveCfg = Debug|Win32
		{049A6B9B-A798-4672-A580-5855EC5ED45E}.Debug|x86.Build.0 = Debug|Win32
		{049A6B9B-A798-4672-A580-5855EC5ED45E}.Release|x64.ActiveCfg = Release|x64
		{049A6B9B-A798-4672-A580-5855EC5ED45E}.Release|x64.Build.0 = Release|x64
		{049A6B9B-A798-4672-A580-5855EC5ED45E}.Release|x86.ActiveCfg = Release|Win32
		{049A6B9B-A798-4672-A580-5855EC5ED45E}.Release|x86.Build.0 = Release|Win32
	EndGlobalSection
	GlobalSection(SolutionProperties) = preSolution
		HideSolutionNode = FALSE
	EndGlobalSection
	GlobalSection(ExtensibilityGlobals) = postSolution
		SolutionGuid = {3065F718-225A-4EB5-A7D1-57DD0F433466}
	EndGlobalSection
EndGlobal
